
Microsoft Visual Studio Solution File, Format Version 12.00
# Visual Studio Version 16
VisualStudioVersion = 16.0.31402.337
MinimumVisualStudioVersion = 10.0.40219.1
Project("{9A19103F-16F7-4668-BE54-9A1E7A4F7556}") = "ProductManagement", "ProductManagement\ProductManagement.csproj", "{7B85B4DC-7246-4AD0-8235-35E276CFEF59}"
EndProject
Project("{FAE04EC0-301F-11D3-BF4B-00C04F79EFBC}") = "UpLoadPhotoMVC", "UpLoadPhotoMVC\UpLoadPhotoMVC.csproj", "{342DBEA9-C675-41CE-A8E8-69EC48CD7E59}"
EndProject
Global
	GlobalSection(SolutionConfigurationPlatforms) = preSolution
		Debug|Any CPU = Debug|Any CPU
		Release|Any CPU = Release|Any CPU
	EndGlobalSection
	GlobalSection(ProjectConfigurationPlatforms) = postSolution
		{7B85B4DC-7246-4AD0-8235-35E276CFEF59}.Debug|Any CPU.ActiveCfg = Debug|Any CPU
		{7B85B4DC-7246-4AD0-8235-35E276CFEF59}.Debug|Any CPU.Build.0 = Debug|Any CPU
		{7B85B4DC-7246-4AD0-8235-35E276CFEF59}.Release|Any CPU.ActiveCfg = Release|Any CPU
		{7B85B4DC-7246-4AD0-8235-35E276CFEF59}.Release|Any CPU.Build.0 = Release|Any CPU
		{342DBEA9-C675-41CE-A8E8-69EC48CD7E59}.Debug|Any CPU.ActiveCfg = Debug|Any CPU
		{342DBEA9-C675-41CE-A8E8-69EC48CD7E59}.Debug|Any CPU.Build.0 = Debug|Any CPU
		{342DBEA9-C675-41CE-A8E8-69EC48CD7E59}.Release|Any CPU.ActiveCfg = Release|Any CPU
		{342DBEA9-C675-41CE-A8E8-69EC48CD7E59}.Release|Any CPU.Build.0 = Release|Any CPU
	EndGlobalSection
	GlobalSection(SolutionProperties) = preSolution
		HideSolutionNode = FALSE
	EndGlobalSection
	GlobalSection(ExtensibilityGlobals) = postSolution
		SolutionGuid = {8DB739D6-8C1E-40A7-BC37-12F970B885E0}
	EndGlobalSection
EndGlobal
