
Microsoft Visual Studio Solution File, Format Version 12.00
# Visual Studio Version 16
VisualStudioVersion = 16.0.31402.337
MinimumVisualStudioVersion = 10.0.40219.1
Project("{9A19103F-16F7-4668-BE54-9A1E7A4F7556}") = "ProductManagement", "ProductManagement\ProductManagement.csproj", "{7B85B4DC-7246-4AD0-8235-35E276CFEF59}"
EndProject
Project("{9A19103F-16F7-4668-BE54-9A1E7A4F7556}") = "UpLoadPhotoMVC", "UpLoadPhotoMVC\UpLoadPhotoMVC.csproj", "{342DBEA9-C675-41CE-A8E8-69EC48CD7E59}"
EndProject
Project("{9A19103F-16F7-4668-BE54-9A1E7A4F7556}") = "IdentityCore", "IdentityCore\IdentityCore.csproj", "{E09233DC-2871-4086-9F69-04E568930830}"
EndProject
Project("{FAE04EC0-301F-11D3-BF4B-00C04F79EFBC}") = "MyWebservice", "MyWebservice\MyWebservice.csproj", "{3A58F449-E2B3-4F3C-A6B9-774EA77E9F46}"
EndProject
Project("{FAE04EC0-301F-11D3-BF4B-00C04F79EFBC}") = "ConsumingDesktopApp", "ConsumingDesktopApp\ConsumingDesktopApp.csproj", "{09F9058A-975E-44B2-8E51-94C0DBD5C25D}"
	ProjectSection(ProjectDependencies) = postProject
		{3A58F449-E2B3-4F3C-A6B9-774EA77E9F46} = {3A58F449-E2B3-4F3C-A6B9-774EA77E9F46}
	EndProjectSection
EndProject
Project("{FAE04EC0-301F-11D3-BF4B-00C04F79EFBC}") = "DataWebService", "DataWebService\DataWebService.csproj", "{291010F8-4021-4119-8075-8560E32A3964}"
EndProject
Project("{FAE04EC0-301F-11D3-BF4B-00C04F79EFBC}") = "DAL", "DAL\DAL.csproj", "{37F19DFC-24DB-4319-B47D-144C1823008C}"
EndProject
Project("{FAE04EC0-301F-11D3-BF4B-00C04F79EFBC}") = "BAL", "BAL\BAL.csproj", "{C2BA6E94-9E98-448E-B8E5-46F128250B7D}"
EndProject
Global
	GlobalSection(SolutionConfigurationPlatforms) = preSolution
		Debug|Any CPU = Debug|Any CPU
		Release|Any CPU = Release|Any CPU
	EndGlobalSection
	GlobalSection(ProjectConfigurationPlatforms) = postSolution
		{7B85B4DC-7246-4AD0-8235-35E276CFEF59}.Debug|Any CPU.ActiveCfg = Debug|Any CPU
		{7B85B4DC-7246-4AD0-8235-35E276CFEF59}.Debug|Any CPU.Build.0 = Debug|Any CPU
		{7B85B4DC-7246-4AD0-8235-35E276CFEF59}.Release|Any CPU.ActiveCfg = Release|Any CPU
		{7B85B4DC-7246-4AD0-8235-35E276CFEF59}.Release|Any CPU.Build.0 = Release|Any CPU
		{342DBEA9-C675-41CE-A8E8-69EC48CD7E59}.Debug|Any CPU.ActiveCfg = Debug|Any CPU
		{342DBEA9-C675-41CE-A8E8-69EC48CD7E59}.Debug|Any CPU.Build.0 = Debug|Any CPU
		{342DBEA9-C675-41CE-A8E8-69EC48CD7E59}.Release|Any CPU.ActiveCfg = Release|Any CPU
		{342DBEA9-C675-41CE-A8E8-69EC48CD7E59}.Release|Any CPU.Build.0 = Release|Any CPU
		{E09233DC-2871-4086-9F69-04E568930830}.Debug|Any CPU.ActiveCfg = Debug|Any CPU
		{E09233DC-2871-4086-9F69-04E568930830}.Debug|Any CPU.Build.0 = Debug|Any CPU
		{E09233DC-2871-4086-9F69-04E568930830}.Release|Any CPU.ActiveCfg = Release|Any CPU
		{E09233DC-2871-4086-9F69-04E568930830}.Release|Any CPU.Build.0 = Release|Any CPU
		{3A58F449-E2B3-4F3C-A6B9-774EA77E9F46}.Debug|Any CPU.ActiveCfg = Debug|Any CPU
		{3A58F449-E2B3-4F3C-A6B9-774EA77E9F46}.Debug|Any CPU.Build.0 = Debug|Any CPU
		{3A58F449-E2B3-4F3C-A6B9-774EA77E9F46}.Release|Any CPU.ActiveCfg = Release|Any CPU
		{3A58F449-E2B3-4F3C-A6B9-774EA77E9F46}.Release|Any CPU.Build.0 = Release|Any CPU
		{09F9058A-975E-44B2-8E51-94C0DBD5C25D}.Debug|Any CPU.ActiveCfg = Debug|Any CPU
		{09F9058A-975E-44B2-8E51-94C0DBD5C25D}.Debug|Any CPU.Build.0 = Debug|Any CPU
		{09F9058A-975E-44B2-8E51-94C0DBD5C25D}.Release|Any CPU.ActiveCfg = Release|Any CPU
		{09F9058A-975E-44B2-8E51-94C0DBD5C25D}.Release|Any CPU.Build.0 = Release|Any CPU
		{291010F8-4021-4119-8075-8560E32A3964}.Debug|Any CPU.ActiveCfg = Debug|Any CPU
		{291010F8-4021-4119-8075-8560E32A3964}.Debug|Any CPU.Build.0 = Debug|Any CPU
		{291010F8-4021-4119-8075-8560E32A3964}.Release|Any CPU.ActiveCfg = Release|Any CPU
		{291010F8-4021-4119-8075-8560E32A3964}.Release|Any CPU.Build.0 = Release|Any CPU
		{37F19DFC-24DB-4319-B47D-144C1823008C}.Debug|Any CPU.ActiveCfg = Debug|Any CPU
		{37F19DFC-24DB-4319-B47D-144C1823008C}.Debug|Any CPU.Build.0 = Debug|Any CPU
		{37F19DFC-24DB-4319-B47D-144C1823008C}.Release|Any CPU.ActiveCfg = Release|Any CPU
		{37F19DFC-24DB-4319-B47D-144C1823008C}.Release|Any CPU.Build.0 = Release|Any CPU
		{C2BA6E94-9E98-448E-B8E5-46F128250B7D}.Debug|Any CPU.ActiveCfg = Debug|Any CPU
		{C2BA6E94-9E98-448E-B8E5-46F128250B7D}.Debug|Any CPU.Build.0 = Debug|Any CPU
		{C2BA6E94-9E98-448E-B8E5-46F128250B7D}.Release|Any CPU.ActiveCfg = Release|Any CPU
		{C2BA6E94-9E98-448E-B8E5-46F128250B7D}.Release|Any CPU.Build.0 = Release|Any CPU
	EndGlobalSection
	GlobalSection(SolutionProperties) = preSolution
		HideSolutionNode = FALSE
	EndGlobalSection
	GlobalSection(ExtensibilityGlobals) = postSolution
		SolutionGuid = {8DB739D6-8C1E-40A7-BC37-12F970B885E0}
	EndGlobalSection
EndGlobal
